
Microsoft Visual Studio Solution File, Format Version 12.00
# Visual Studio Version 16
VisualStudioVersion = 16.0.31321.278
MinimumVisualStudioVersion = 10.0.40219.1
Project("{9A19103F-16F7-4668-BE54-9A1E7A4F7556}") = "Cherepko", "Cherepko\Cherepko.csproj", "{EF306123-566B-44D9-9C8C-D30BF8E8FAA0}"
EndProject
Project("{9A19103F-16F7-4668-BE54-9A1E7A4F7556}") = "CherepkoLib", "CherepkoLib\CherepkoLib.csproj", "{06CECEBB-3F03-41F8-AD3D-8B9785B5ECA1}"
EndProject
Project("{9A19103F-16F7-4668-BE54-9A1E7A4F7556}") = "Cherepko.Tests", "Cherepko.Tests\Cherepko.Tests.csproj", "{8394449F-F4DA-4473-A152-426EB55E9F1D}"
EndProject
Project("{FAE04EC0-301F-11D3-BF4B-00C04F79EFBC}") = "Cherepko.Blazor", "Cherepko.Blazor\Cherepko.Blazor.csproj", "{4AD887A1-5C2D-4EBB-8A1B-5F49185B9CB7}"
EndProject
Global
	GlobalSection(SolutionConfigurationPlatforms) = preSolution
		Debug|Any CPU = Debug|Any CPU
		Release|Any CPU = Release|Any CPU
	EndGlobalSection
	GlobalSection(ProjectConfigurationPlatforms) = postSolution
		{EF306123-566B-44D9-9C8C-D30BF8E8FAA0}.Debug|Any CPU.ActiveCfg = Debug|Any CPU
		{EF306123-566B-44D9-9C8C-D30BF8E8FAA0}.Debug|Any CPU.Build.0 = Debug|Any CPU
		{EF306123-566B-44D9-9C8C-D30BF8E8FAA0}.Release|Any CPU.ActiveCfg = Release|Any CPU
		{EF306123-566B-44D9-9C8C-D30BF8E8FAA0}.Release|Any CPU.Build.0 = Release|Any CPU
		{06CECEBB-3F03-41F8-AD3D-8B9785B5ECA1}.Debug|Any CPU.ActiveCfg = Debug|Any CPU
		{06CECEBB-3F03-41F8-AD3D-8B9785B5ECA1}.Debug|Any CPU.Build.0 = Debug|Any CPU
		{06CECEBB-3F03-41F8-AD3D-8B9785B5ECA1}.Release|Any CPU.ActiveCfg = Release|Any CPU
		{06CECEBB-3F03-41F8-AD3D-8B9785B5ECA1}.Release|Any CPU.Build.0 = Release|Any CPU
		{8394449F-F4DA-4473-A152-426EB55E9F1D}.Debug|Any CPU.ActiveCfg = Debug|Any CPU
		{8394449F-F4DA-4473-A152-426EB55E9F1D}.Debug|Any CPU.Build.0 = Debug|Any CPU
		{8394449F-F4DA-4473-A152-426EB55E9F1D}.Release|Any CPU.ActiveCfg = Release|Any CPU
		{8394449F-F4DA-4473-A152-426EB55E9F1D}.Release|Any CPU.Build.0 = Release|Any CPU
		{4AD887A1-5C2D-4EBB-8A1B-5F49185B9CB7}.Debug|Any CPU.ActiveCfg = Debug|Any CPU
		{4AD887A1-5C2D-4EBB-8A1B-5F49185B9CB7}.Debug|Any CPU.Build.0 = Debug|Any CPU
		{4AD887A1-5C2D-4EBB-8A1B-5F49185B9CB7}.Release|Any CPU.ActiveCfg = Release|Any CPU
		{4AD887A1-5C2D-4EBB-8A1B-5F49185B9CB7}.Release|Any CPU.Build.0 = Release|Any CPU
	EndGlobalSection
	GlobalSection(SolutionProperties) = preSolution
		HideSolutionNode = FALSE
	EndGlobalSection
	GlobalSection(ExtensibilityGlobals) = postSolution
		SolutionGuid = {6686DC9E-20DE-4646-8DF8-971070E6FB1D}
	EndGlobalSection
EndGlobal
